
Microsoft Visual Studio Solution File, Format Version 12.00
# Visual Studio Version 17
VisualStudioVersion = 17.7.34024.191
MinimumVisualStudioVersion = 10.0.40219.1
Project("{FAE04EC0-301F-11D3-BF4B-00C04F79EFBC}") = "Part_01", "ConsoleApp2\Part_01.csproj", "{0E863F6E-BD68-4BE8-A69F-9669E78D1937}"
EndProject
Project("{FAE04EC0-301F-11D3-BF4B-00C04F79EFBC}") = "Part_03", "ConsoleApp3\Part_03.csproj", "{7A925DE3-E78B-4E50-99E3-D7FADE5FE647}"
EndProject
Project("{FAE04EC0-301F-11D3-BF4B-00C04F79EFBC}") = "Part_02", "ConsoleApp4\Part_02.csproj", "{CF8D126C-0890-4E56-9857-CC23AC0A5E04}"
EndProject
Global
	GlobalSection(SolutionConfigurationPlatforms) = preSolution
		Debug|Any CPU = Debug|Any CPU
		Release|Any CPU = Release|Any CPU
	EndGlobalSection
	GlobalSection(ProjectConfigurationPlatforms) = postSolution
		{0E863F6E-BD68-4BE8-A69F-9669E78D1937}.Debug|Any CPU.ActiveCfg = Debug|Any CPU
		{0E863F6E-BD68-4BE8-A69F-9669E78D1937}.Debug|Any CPU.Build.0 = Debug|Any CPU
		{0E863F6E-BD68-4BE8-A69F-9669E78D1937}.Release|Any CPU.ActiveCfg = Release|Any CPU
		{0E863F6E-BD68-4BE8-A69F-9669E78D1937}.Release|Any CPU.Build.0 = Release|Any CPU
		{7A925DE3-E78B-4E50-99E3-D7FADE5FE647}.Debug|Any CPU.ActiveCfg = Debug|Any CPU
		{7A925DE3-E78B-4E50-99E3-D7FADE5FE647}.Debug|Any CPU.Build.0 = Debug|Any CPU
		{7A925DE3-E78B-4E50-99E3-D7FADE5FE647}.Release|Any CPU.ActiveCfg = Release|Any CPU
		{7A925DE3-E78B-4E50-99E3-D7FADE5FE647}.Release|Any CPU.Build.0 = Release|Any CPU
		{CF8D126C-0890-4E56-9857-CC23AC0A5E04}.Debug|Any CPU.ActiveCfg = Debug|Any CPU
		{CF8D126C-0890-4E56-9857-CC23AC0A5E04}.Debug|Any CPU.Build.0 = Debug|Any CPU
		{CF8D126C-0890-4E56-9857-CC23AC0A5E04}.Release|Any CPU.ActiveCfg = Release|Any CPU
		{CF8D126C-0890-4E56-9857-CC23AC0A5E04}.Release|Any CPU.Build.0 = Release|Any CPU
	EndGlobalSection
	GlobalSection(SolutionProperties) = preSolution
		HideSolutionNode = FALSE
	EndGlobalSection
	GlobalSection(ExtensibilityGlobals) = postSolution
		SolutionGuid = {AAFFE8BF-A63C-41EC-8746-9A3ABA8FCF58}
	EndGlobalSection
EndGlobal
